
Microsoft Visual Studio Solution File, Format Version 12.00
# Visual Studio Version 17
VisualStudioVersion = 17.5.002.0
MinimumVisualStudioVersion = 10.0.40219.1
Project("{9A19103F-16F7-4668-BE54-9A1E7A4F7556}") = "indumotora-function-app", "indumotora-function-app.csproj", "{693EBF43-CE43-4425-B9D7-82C54B4488D9}"
EndProject
Global
	GlobalSection(SolutionConfigurationPlatforms) = preSolution
		Debug|Any CPU = Debug|Any CPU
		Release|Any CPU = Release|Any CPU
	EndGlobalSection
	GlobalSection(ProjectConfigurationPlatforms) = postSolution
		{693EBF43-CE43-4425-B9D7-82C54B4488D9}.Debug|Any CPU.ActiveCfg = Debug|Any CPU
		{693EBF43-CE43-4425-B9D7-82C54B4488D9}.Debug|Any CPU.Build.0 = Debug|Any CPU
		{693EBF43-CE43-4425-B9D7-82C54B4488D9}.Release|Any CPU.ActiveCfg = Release|Any CPU
		{693EBF43-CE43-4425-B9D7-82C54B4488D9}.Release|Any CPU.Build.0 = Release|Any CPU
	EndGlobalSection
	GlobalSection(SolutionProperties) = preSolution
		HideSolutionNode = FALSE
	EndGlobalSection
	GlobalSection(ExtensibilityGlobals) = postSolution
		SolutionGuid = {88FD5B00-89F5-46EA-98C1-F0213B184DF4}
	EndGlobalSection
EndGlobal
